{
  "lockfile_version": "1",
  "packages": {
    "github:NixOS/nixpkgs/nixpkgs-unstable": {
      "last_modified": "2025-08-15T14:26:43Z",
      "resolved": "github:NixOS/nixpkgs/32f313e49e42f715491e1ea7b306a87c16fe0388?lastModified=1755268003&narHash=sha256-nNaeJjo861wFR0tjHDyCnHs1rbRtrMgxAKMoig9Sj%2Fw%3D"
    },
    "gnumake@latest": {
      "last_modified": "2024-12-23T21:10:33Z",
      "resolved": "github:NixOS/nixpkgs/de1864217bfa9b5845f465e771e0ecb48b30e02d#gnumake",
      "source": "devbox-search",
      "version": "4.4.1",
      "systems": {
        "aarch64-darwin": {
          "outputs": [
            {
              "name": "out",
              "path": "/nix/store/kz7hhivh19j3fswz9i5knbq3xwsy7sp5-gnumake-4.4.1",
              "default": true
            },
            {
              "name": "man",
              "path": "/nix/store/8ndq9xqci1861y6fb97xgm90qxq3m9lj-gnumake-4.4.1-man",
              "default": true
            },
            {
              "name": "info",
              "path": "/nix/store/8677qdd03vfyb4zl9jqa1l3gf5nn42l0-gnumake-4.4.1-info"
            }
          ],
          "store_path": "/nix/store/kz7hhivh19j3fswz9i5knbq3xwsy7sp5-gnumake-4.4.1"
        },
        "aarch64-linux": {
          "outputs": [
            {
              "name": "out",
              "path": "/nix/store/vdn3rar5zcrg0mh406h4abq3w2d12hy2-gnumake-4.4.1",
              "default": true
            },
            {
              "name": "man",
              "path": "/nix/store/rim19s0wcffh71ma2bgm0hifpr71p3dz-gnumake-4.4.1-man",
              "default": true
            },
            {
              "name": "debug",
              "path": "/nix/store/gfsbcjrv2lxgipzsn3a65flqll44ihis-gnumake-4.4.1-debug"
            },
            {
              "name": "info",
              "path": "/nix/store/hnkqb83x19qv9hwa8l5vkvv2y21yps32-gnumake-4.4.1-info"
            }
          ],
          "store_path": "/nix/store/vdn3rar5zcrg0mh406h4abq3w2d12hy2-gnumake-4.4.1"
        },
        "x86_64-darwin": {
          "outputs": [
            {
              "name": "out",
              "path": "/nix/store/i68j153lqxkvyhflqip2lqxy9zqsf6k2-gnumake-4.4.1",
              "default": true
            },
            {
              "name": "man",
              "path": "/nix/store/mfcp0r854jpqn1vckhycabla9mwzfsff-gnumake-4.4.1-man",
              "default": true
            },
            {
              "name": "info",
              "path": "/nix/store/a0k03x1jwp180cwppi1yqd8h535p5ck6-gnumake-4.4.1-info"
            }
          ],
          "store_path": "/nix/store/i68j153lqxkvyhflqip2lqxy9zqsf6k2-gnumake-4.4.1"
        },
        "x86_64-linux": {
          "outputs": [
            {
              "name": "out",
              "path": "/nix/store/nmj7y4f9zkbzsb51wbnbf2yksa4ncprj-gnumake-4.4.1",
              "default": true
            },
            {
              "name": "man",
              "path": "/nix/store/4dwhf5vn36rxg6xk98qsswyhvzywqdh9-gnumake-4.4.1-man",
              "default": true
            },
            {
              "name": "debug",
              "path": "/nix/store/6vzw9g0p9n5467agw5z4l68xbwpzr79x-gnumake-4.4.1-debug"
            },
            {
              "name": "info",
              "path": "/nix/store/1cw85sbjpl43k7qdwhpcmz63rq0f54jc-gnumake-4.4.1-info"
            }
          ],
          "store_path": "/nix/store/nmj7y4f9zkbzsb51wbnbf2yksa4ncprj-gnumake-4.4.1"
        }
      }
    },
    "go-task@latest": {
      "last_modified": "2024-12-23T21:10:33Z",
      "resolved": "github:NixOS/nixpkgs/de1864217bfa9b5845f465e771e0ecb48b30e02d#go-task",
      "source": "devbox-search",
      "version": "3.40.1",
      "systems": {
        "aarch64-darwin": {
          "outputs": [
            {
              "name": "out",
              "path": "/nix/store/j7qhiv1i0kamdik0gh9q5r47llvl8z8y-go-task-3.40.1",
              "default": true
            }
          ],
          "store_path": "/nix/store/j7qhiv1i0kamdik0gh9q5r47llvl8z8y-go-task-3.40.1"
        },
        "aarch64-linux": {
          "outputs": [
            {
              "name": "out",
              "path": "/nix/store/paf37ssbfhb9hxg1cd5znswzwmx8sdss-go-task-3.40.1",
              "default": true
            }
          ],
          "store_path": "/nix/store/paf37ssbfhb9hxg1cd5znswzwmx8sdss-go-task-3.40.1"
        },
        "x86_64-darwin": {
          "outputs": [
            {
              "name": "out",
              "path": "/nix/store/1drc5qjlxalnjrirpawbqf0bjs911n3q-go-task-3.40.1",
              "default": true
            }
          ],
          "store_path": "/nix/store/1drc5qjlxalnjrirpawbqf0bjs911n3q-go-task-3.40.1"
        },
        "x86_64-linux": {
          "outputs": [
            {
              "name": "out",
              "path": "/nix/store/ds3s43anl3rwk5vz80n4kck2g7z7i1lp-go-task-3.40.1",
              "default": true
            }
          ],
          "store_path": "/nix/store/ds3s43anl3rwk5vz80n4kck2g7z7i1lp-go-task-3.40.1"
        }
      }
    },
    "go@1.21.13": {
      "last_modified": "2024-09-10T15:01:03Z",
      "resolved": "github:NixOS/nixpkgs/5ed627539ac84809c78b2dd6d26a5cebeb5ae269#go_1_21",
      "source": "devbox-search",
      "version": "1.21.13",
      "systems": {
        "aarch64-darwin": {
          "outputs": [
            {
              "name": "out",
              "path": "/nix/store/59bymri4pr8mq5zh678smrf381i3fmy2-go-1.21.13",
              "default": true
            }
          ],
          "store_path": "/nix/store/59bymri4pr8mq5zh678smrf381i3fmy2-go-1.21.13"
        },
        "aarch64-linux": {
          "outputs": [
            {
              "name": "out",
              "path": "/nix/store/7dqbqicx8szqnyzag6l41gwbjmh1xdk0-go-1.21.13",
              "default": true
            }
          ],
          "store_path": "/nix/store/7dqbqicx8szqnyzag6l41gwbjmh1xdk0-go-1.21.13"
        },
        "x86_64-darwin": {
          "outputs": [
            {
              "name": "out",
              "path": "/nix/store/ws9bs446vgwmxchqnpjp9503x420iz75-go-1.21.13",
              "default": true
            }
          ],
          "store_path": "/nix/store/ws9bs446vgwmxchqnpjp9503x420iz75-go-1.21.13"
        },
        "x86_64-linux": {
          "outputs": [
            {
              "name": "out",
              "path": "/nix/store/yij3vkkjv7ghn055v0rqhbjzyh0dy4nq-go-1.21.13",
              "default": true
            }
          ],
          "store_path": "/nix/store/yij3vkkjv7ghn055v0rqhbjzyh0dy4nq-go-1.21.13"
        }
      }
    },
    "operator-sdk@1.37.0": {
      "last_modified": "2024-11-16T04:25:12Z",
      "resolved": "github:NixOS/nixpkgs/34a626458d686f1b58139620a8b2793e9e123bba#operator-sdk",
      "source": "devbox-search",
      "version": "1.37.0",
      "systems": {
        "aarch64-darwin": {
          "outputs": [
            {
              "name": "out",
              "path": "/nix/store/92ywnaqk2k9vhdann0j2limsm1qrbk86-operator-sdk-1.37.0",
              "default": true
            }
          ],
          "store_path": "/nix/store/92ywnaqk2k9vhdann0j2limsm1qrbk86-operator-sdk-1.37.0"
        },
        "aarch64-linux": {
          "outputs": [
            {
              "name": "out",
              "path": "/nix/store/95avmjmjzr3xps6fh9hakwc98hz16yjb-operator-sdk-1.37.0",
              "default": true
            }
          ],
          "store_path": "/nix/store/95avmjmjzr3xps6fh9hakwc98hz16yjb-operator-sdk-1.37.0"
        },
        "x86_64-darwin": {
          "outputs": [
            {
              "name": "out",
              "path": "/nix/store/afa62xvzx832jbxm22h328wi40wq42p1-operator-sdk-1.37.0",
              "default": true
            }
          ],
          "store_path": "/nix/store/afa62xvzx832jbxm22h328wi40wq42p1-operator-sdk-1.37.0"
        },
        "x86_64-linux": {
          "outputs": [
            {
              "name": "out",
              "path": "/nix/store/bdcgl0p82jqkj7swckyb5pzfdb6cl53x-operator-sdk-1.37.0",
              "default": true
            }
          ],
          "store_path": "/nix/store/bdcgl0p82jqkj7swckyb5pzfdb6cl53x-operator-sdk-1.37.0"
        }
      }
    }
  }
}
